
Microsoft Visual Studio Solution File, Format Version 12.00
# Visual Studio Version 16
VisualStudioVersion = 16.0.30225.117
MinimumVisualStudioVersion = 15.0.26124.0
Project("{9A19103F-16F7-4668-BE54-9A1E7A4F7556}") = "Baseball.Tests", "Baseball.Tests\Baseball.Tests.csproj", "{0338F63F-A56A-4F67-B495-944B188F2693}"
EndProject
Global
	GlobalSection(SolutionConfigurationPlatforms) = preSolution
		Debug|Any CPU = Debug|Any CPU
		Debug|x64 = Debug|x64
		Debug|x86 = Debug|x86
		Release|Any CPU = Release|Any CPU
		Release|x64 = Release|x64
		Release|x86 = Release|x86
	EndGlobalSection
	GlobalSection(ProjectConfigurationPlatforms) = postSolution
		{0338F63F-A56A-4F67-B495-944B188F2693}.Debug|Any CPU.ActiveCfg = Debug|Any CPU
		{0338F63F-A56A-4F67-B495-944B188F2693}.Debug|Any CPU.Build.0 = Debug|Any CPU
		{0338F63F-A56A-4F67-B495-944B188F2693}.Debug|x64.ActiveCfg = Debug|Any CPU
		{0338F63F-A56A-4F67-B495-944B188F2693}.Debug|x64.Build.0 = Debug|Any CPU
		{0338F63F-A56A-4F67-B495-944B188F2693}.Debug|x86.ActiveCfg = Debug|Any CPU
		{0338F63F-A56A-4F67-B495-944B188F2693}.Debug|x86.Build.0 = Debug|Any CPU
		{0338F63F-A56A-4F67-B495-944B188F2693}.Release|Any CPU.ActiveCfg = Release|Any CPU
		{0338F63F-A56A-4F67-B495-944B188F2693}.Release|Any CPU.Build.0 = Release|Any CPU
		{0338F63F-A56A-4F67-B495-944B188F2693}.Release|x64.ActiveCfg = Release|Any CPU
		{0338F63F-A56A-4F67-B495-944B188F2693}.Release|x64.Build.0 = Release|Any CPU
		{0338F63F-A56A-4F67-B495-944B188F2693}.Release|x86.ActiveCfg = Release|Any CPU
		{0338F63F-A56A-4F67-B495-944B188F2693}.Release|x86.Build.0 = Release|Any CPU
	EndGlobalSection
	GlobalSection(SolutionProperties) = preSolution
		HideSolutionNode = FALSE
	EndGlobalSection
	GlobalSection(ExtensibilityGlobals) = postSolution
		SolutionGuid = {FF00379E-F6AD-488C-8C8E-DA6184F2CF00}
	EndGlobalSection
EndGlobal
